
Microsoft Visual Studio Solution File, Format Version 12.00
# Visual Studio Version 16
VisualStudioVersion = 16.0.32228.343
MinimumVisualStudioVersion = 10.0.40219.1
Project("{FAE04EC0-301F-11D3-BF4B-00C04F79EFBC}") = "AdvientCalendar", "AdvientCalendar\AdvientCalendar.csproj", "{8D5311CD-0B84-4CAC-92F3-E76B1D13FBDC}"
EndProject
Global
	GlobalSection(SolutionConfigurationPlatforms) = preSolution
		Debug|Any CPU = Debug|Any CPU
		Release|Any CPU = Release|Any CPU
	EndGlobalSection
	GlobalSection(ProjectConfigurationPlatforms) = postSolution
		{8D5311CD-0B84-4CAC-92F3-E76B1D13FBDC}.Debug|Any CPU.ActiveCfg = Debug|Any CPU
		{8D5311CD-0B84-4CAC-92F3-E76B1D13FBDC}.Debug|Any CPU.Build.0 = Debug|Any CPU
		{8D5311CD-0B84-4CAC-92F3-E76B1D13FBDC}.Release|Any CPU.ActiveCfg = Release|Any CPU
		{8D5311CD-0B84-4CAC-92F3-E76B1D13FBDC}.Release|Any CPU.Build.0 = Release|Any CPU
	EndGlobalSection
	GlobalSection(SolutionProperties) = preSolution
		HideSolutionNode = FALSE
	EndGlobalSection
	GlobalSection(ExtensibilityGlobals) = postSolution
		SolutionGuid = {D2D2318D-84AB-4EA9-A9ED-5306EC62990A}
	EndGlobalSection
EndGlobal
